
Microsoft Visual Studio Solution File, Format Version 12.00
# Visual Studio Version 17
VisualStudioVersion = 17.4.33110.190
MinimumVisualStudioVersion = 10.0.40219.1
Project("{9A19103F-16F7-4668-BE54-9A1E7A4F7556}") = "BadgeBot", "BadgeBot\BadgeBot.csproj", "{965A338A-74B6-4BC2-B462-AD8DAA17A4FA}"
EndProject
Project("{9A19103F-16F7-4668-BE54-9A1E7A4F7556}") = "BadgeBot.DB", "BadgeBot.DB\BadgeBot.DB.csproj", "{FC823900-7986-4693-B09F-7AAFB538FB96}"
EndProject
Global
	GlobalSection(SolutionConfigurationPlatforms) = preSolution
		Debug|Any CPU = Debug|Any CPU
		Release|Any CPU = Release|Any CPU
	EndGlobalSection
	GlobalSection(ProjectConfigurationPlatforms) = postSolution
		{965A338A-74B6-4BC2-B462-AD8DAA17A4FA}.Debug|Any CPU.ActiveCfg = Debug|Any CPU
		{965A338A-74B6-4BC2-B462-AD8DAA17A4FA}.Debug|Any CPU.Build.0 = Debug|Any CPU
		{965A338A-74B6-4BC2-B462-AD8DAA17A4FA}.Release|Any CPU.ActiveCfg = Release|Any CPU
		{965A338A-74B6-4BC2-B462-AD8DAA17A4FA}.Release|Any CPU.Build.0 = Release|Any CPU
		{FC823900-7986-4693-B09F-7AAFB538FB96}.Debug|Any CPU.ActiveCfg = Debug|Any CPU
		{FC823900-7986-4693-B09F-7AAFB538FB96}.Debug|Any CPU.Build.0 = Debug|Any CPU
		{FC823900-7986-4693-B09F-7AAFB538FB96}.Release|Any CPU.ActiveCfg = Release|Any CPU
		{FC823900-7986-4693-B09F-7AAFB538FB96}.Release|Any CPU.Build.0 = Release|Any CPU
	EndGlobalSection
	GlobalSection(SolutionProperties) = preSolution
		HideSolutionNode = FALSE
	EndGlobalSection
	GlobalSection(ExtensibilityGlobals) = postSolution
		SolutionGuid = {387BEDFA-3131-4B23-91BC-88B719D922F8}
	EndGlobalSection
EndGlobal
